
Microsoft Visual Studio Solution File, Format Version 12.00
Project("{FAE04EC0-301F-11D3-BF4B-00C04F79EFBC}") = "Lab1", "Lab1\Lab1.csproj", "{D248387C-A139-409A-A51B-F2522F7AD9BC}"
EndProject
Global
	GlobalSection(SolutionConfigurationPlatforms) = preSolution
		Debug|Any CPU = Debug|Any CPU
		Release|Any CPU = Release|Any CPU
	EndGlobalSection
	GlobalSection(ProjectConfigurationPlatforms) = postSolution
		{D248387C-A139-409A-A51B-F2522F7AD9BC}.Debug|Any CPU.ActiveCfg = Debug|Any CPU
		{D248387C-A139-409A-A51B-F2522F7AD9BC}.Debug|Any CPU.Build.0 = Debug|Any CPU
		{D248387C-A139-409A-A51B-F2522F7AD9BC}.Release|Any CPU.ActiveCfg = Release|Any CPU
		{D248387C-A139-409A-A51B-F2522F7AD9BC}.Release|Any CPU.Build.0 = Release|Any CPU
	EndGlobalSection
EndGlobal
